# This file is automatically @generated by Cargo.
# It is not intended for manual editing.
version = 4

[[package]]
name = "who-fic"
version = "0.1.0"
dependencies = [
 "who-fic-icd",
 "who-fic-icf",
 "who-fic-ichi",
]

[[package]]
name = "who-fic-icd"
version = "0.1.0"

[[package]]
name = "who-fic-icf"
version = "0.1.0"

[[package]]
name = "who-fic-ichi"
version = "0.1.0"
